
Microsoft Visual Studio Solution File, Format Version 12.00
# Visual Studio 15
VisualStudioVersion = 15.0.27004.2005
MinimumVisualStudioVersion = 10.0.40219.1
Project("{FAE04EC0-301F-11D3-BF4B-00C04F79EFBC}") = "KastleWall.Encryption", "KastleWall.Security\KastleWall.Encryption.csproj", "{8A0AD3FC-1139-4346-B916-FF5E4FCAEB78}"
EndProject
Project("{FAE04EC0-301F-11D3-BF4B-00C04F79EFBC}") = "KastleWall.SecurityTests", "KastleWall.SecurityTests\KastleWall.SecurityTests.csproj", "{98143E8D-697E-4E7B-A8DE-0FEFC28ACD4D}"
EndProject
Project("{FAE04EC0-301F-11D3-BF4B-00C04F79EFBC}") = "IntegrationTest", "IntegrationTest\IntegrationTest.csproj", "{D072353A-F949-4F4F-AB28-ED1B5F005CEF}"
EndProject
Global
	GlobalSection(SolutionConfigurationPlatforms) = preSolution
		Debug|Any CPU = Debug|Any CPU
		Release|Any CPU = Release|Any CPU
	EndGlobalSection
	GlobalSection(ProjectConfigurationPlatforms) = postSolution
		{8A0AD3FC-1139-4346-B916-FF5E4FCAEB78}.Debug|Any CPU.ActiveCfg = Debug|Any CPU
		{8A0AD3FC-1139-4346-B916-FF5E4FCAEB78}.Debug|Any CPU.Build.0 = Debug|Any CPU
		{8A0AD3FC-1139-4346-B916-FF5E4FCAEB78}.Release|Any CPU.ActiveCfg = Release|Any CPU
		{8A0AD3FC-1139-4346-B916-FF5E4FCAEB78}.Release|Any CPU.Build.0 = Release|Any CPU
		{98143E8D-697E-4E7B-A8DE-0FEFC28ACD4D}.Debug|Any CPU.ActiveCfg = Debug|Any CPU
		{98143E8D-697E-4E7B-A8DE-0FEFC28ACD4D}.Debug|Any CPU.Build.0 = Debug|Any CPU
		{98143E8D-697E-4E7B-A8DE-0FEFC28ACD4D}.Release|Any CPU.ActiveCfg = Release|Any CPU
		{98143E8D-697E-4E7B-A8DE-0FEFC28ACD4D}.Release|Any CPU.Build.0 = Release|Any CPU
		{D072353A-F949-4F4F-AB28-ED1B5F005CEF}.Debug|Any CPU.ActiveCfg = Debug|Any CPU
		{D072353A-F949-4F4F-AB28-ED1B5F005CEF}.Debug|Any CPU.Build.0 = Debug|Any CPU
		{D072353A-F949-4F4F-AB28-ED1B5F005CEF}.Release|Any CPU.ActiveCfg = Release|Any CPU
		{D072353A-F949-4F4F-AB28-ED1B5F005CEF}.Release|Any CPU.Build.0 = Release|Any CPU
	EndGlobalSection
	GlobalSection(SolutionProperties) = preSolution
		HideSolutionNode = FALSE
	EndGlobalSection
	GlobalSection(ExtensibilityGlobals) = postSolution
		SolutionGuid = {095EEF44-F68B-4056-8958-75AED11A1B9D}
	EndGlobalSection
EndGlobal
